
Microsoft Visual Studio Solution File, Format Version 11.00
# Visual Studio 2010
Project("{FAE04EC0-301F-11D3-BF4B-00C04F79EFBC}") = "Modes of Transit", "Assembly-CSharp.csproj", "{DBF7DA3D-F762-45BC-5220-2059E7430F7A}"
EndProject
Project("{FAE04EC0-301F-11D3-BF4B-00C04F79EFBC}") = "Modes of Transit", "Assembly-CSharp-firstpass.csproj", "{9EBCE31D-5BC4-DEDD-B199-00F1A8528D0E}"
EndProject
Project("{FAE04EC0-301F-11D3-BF4B-00C04F79EFBC}") = "Modes of Transit", "Assembly-CSharp-Editor.csproj", "{EC865968-4D12-7E0B-8EFB-CED0743F7E83}"
EndProject
Global
	GlobalSection(SolutionConfigurationPlatforms) = preSolution
		Debug|Any CPU = Debug|Any CPU
		Release|Any CPU = Release|Any CPU
	EndGlobalSection
	GlobalSection(ProjectConfigurationPlatforms) = postSolution
		{DBF7DA3D-F762-45BC-5220-2059E7430F7A}.Debug|Any CPU.ActiveCfg = Debug|Any CPU
		{DBF7DA3D-F762-45BC-5220-2059E7430F7A}.Debug|Any CPU.Build.0 = Debug|Any CPU
		{DBF7DA3D-F762-45BC-5220-2059E7430F7A}.Release|Any CPU.ActiveCfg = Release|Any CPU
		{DBF7DA3D-F762-45BC-5220-2059E7430F7A}.Release|Any CPU.Build.0 = Release|Any CPU
		{9EBCE31D-5BC4-DEDD-B199-00F1A8528D0E}.Debug|Any CPU.ActiveCfg = Debug|Any CPU
		{9EBCE31D-5BC4-DEDD-B199-00F1A8528D0E}.Debug|Any CPU.Build.0 = Debug|Any CPU
		{9EBCE31D-5BC4-DEDD-B199-00F1A8528D0E}.Release|Any CPU.ActiveCfg = Release|Any CPU
		{9EBCE31D-5BC4-DEDD-B199-00F1A8528D0E}.Release|Any CPU.Build.0 = Release|Any CPU
		{EC865968-4D12-7E0B-8EFB-CED0743F7E83}.Debug|Any CPU.ActiveCfg = Debug|Any CPU
		{EC865968-4D12-7E0B-8EFB-CED0743F7E83}.Debug|Any CPU.Build.0 = Debug|Any CPU
		{EC865968-4D12-7E0B-8EFB-CED0743F7E83}.Release|Any CPU.ActiveCfg = Release|Any CPU
		{EC865968-4D12-7E0B-8EFB-CED0743F7E83}.Release|Any CPU.Build.0 = Release|Any CPU
	EndGlobalSection
	GlobalSection(SolutionProperties) = preSolution
		HideSolutionNode = FALSE
	EndGlobalSection
	GlobalSection(MonoDevelopProperties) = preSolution
		StartupItem = Assembly-CSharp.csproj
	EndGlobalSection
EndGlobal
